
Microsoft Visual Studio Solution File, Format Version 12.00
# Visual Studio Version 17
VisualStudioVersion = 17.5.002.0
MinimumVisualStudioVersion = 10.0.40219.1
Project("{9A19103F-16F7-4668-BE54-9A1E7A4F7556}") = "pim", "pim.csproj", "{10D69F2B-E02E-4750-A61F-94374D53C24C}"
EndProject
Global
	GlobalSection(SolutionConfigurationPlatforms) = preSolution
		Debug|Any CPU = Debug|Any CPU
		Release|Any CPU = Release|Any CPU
	EndGlobalSection
	GlobalSection(ProjectConfigurationPlatforms) = postSolution
		{10D69F2B-E02E-4750-A61F-94374D53C24C}.Debug|Any CPU.ActiveCfg = Debug|Any CPU
		{10D69F2B-E02E-4750-A61F-94374D53C24C}.Debug|Any CPU.Build.0 = Debug|Any CPU
		{10D69F2B-E02E-4750-A61F-94374D53C24C}.Release|Any CPU.ActiveCfg = Release|Any CPU
		{10D69F2B-E02E-4750-A61F-94374D53C24C}.Release|Any CPU.Build.0 = Release|Any CPU
	EndGlobalSection
	GlobalSection(SolutionProperties) = preSolution
		HideSolutionNode = FALSE
	EndGlobalSection
	GlobalSection(ExtensibilityGlobals) = postSolution
		SolutionGuid = {327BB226-94DD-4C14-AB30-A8478C193808}
	EndGlobalSection
EndGlobal
